
Microsoft Visual Studio Solution File, Format Version 12.00
# Visual Studio 2012
Project("{FAE04EC0-301F-11D3-BF4B-00C04F79EFBC}") = "App.UnitTests", "tests\App.UnitTests.csproj", "{918C215F-5B03-4E0B-8CF4-FF2AA571EFEA}"
EndProject
Project("{FAE04EC0-301F-11D3-BF4B-00C04F79EFBC}") = "App", "src\App.csproj", "{07DD6A31-5D19-4C2A-8AC8-2CE22925EAEC}"
EndProject
Global
	GlobalSection(SolutionConfigurationPlatforms) = preSolution
		Debug|Any CPU = Debug|Any CPU
		Release|Any CPU = Release|Any CPU
	EndGlobalSection
	GlobalSection(ProjectConfigurationPlatforms) = postSolution
		{918C215F-5B03-4E0B-8CF4-FF2AA571EFEA}.Debug|Any CPU.ActiveCfg = Debug|Any CPU
		{918C215F-5B03-4E0B-8CF4-FF2AA571EFEA}.Debug|Any CPU.Build.0 = Debug|Any CPU
		{918C215F-5B03-4E0B-8CF4-FF2AA571EFEA}.Release|Any CPU.ActiveCfg = Release|Any CPU
		{918C215F-5B03-4E0B-8CF4-FF2AA571EFEA}.Release|Any CPU.Build.0 = Release|Any CPU
		{07DD6A31-5D19-4C2A-8AC8-2CE22925EAEC}.Debug|Any CPU.ActiveCfg = Debug|Any CPU
		{07DD6A31-5D19-4C2A-8AC8-2CE22925EAEC}.Debug|Any CPU.Build.0 = Debug|Any CPU
		{07DD6A31-5D19-4C2A-8AC8-2CE22925EAEC}.Release|Any CPU.ActiveCfg = Release|Any CPU
		{07DD6A31-5D19-4C2A-8AC8-2CE22925EAEC}.Release|Any CPU.Build.0 = Release|Any CPU
	EndGlobalSection
EndGlobal
